// !$*UTF8*$!
{
	archiveVersion = 1;
	classes = {
	};
	objectVersion = 50;
	objects = {

/* Begin PBXBuildFile section */
		311DA02A23B687A90074265A /* CombineExtensionsTests.swift in Sources */ = {isa = PBXBuildFile; fileRef = 311DA02923B687A90074265A /* CombineExtensionsTests.swift */; };
		311DA02C23B687A90074265A /* CombineExtensions.framework in Frameworks */ = {isa = PBXBuildFile; fileRef = 31383A9D2385BE4700EC9A95 /* CombineExtensions.framework */; };
		311DA03323B68B990074265A /* UnwrapPublisher.swift in Sources */ = {isa = PBXBuildFile; fileRef = 311DA03223B68B990074265A /* UnwrapPublisher.swift */; };
		31383AA22385BE4700EC9A95 /* CombineExtensions.h in Headers */ = {isa = PBXBuildFile; fileRef = 31383AA02385BE4700EC9A95 /* CombineExtensions.h */; settings = {ATTRIBUTES = (Public, ); }; };
		31383AA92385BE8300EC9A95 /* CombineExtensions.swift in Sources */ = {isa = PBXBuildFile; fileRef = 31383AA82385BE8300EC9A95 /* CombineExtensions.swift */; };
/* End PBXBuildFile section */

/* Begin PBXContainerItemProxy section */
		311DA02D23B687A90074265A /* PBXContainerItemProxy */ = {
			isa = PBXContainerItemProxy;
			containerPortal = 31383A942385BE4700EC9A95 /* Project object */;
			proxyType = 1;
			remoteGlobalIDString = 31383A9C2385BE4700EC9A95;
			remoteInfo = CombineExtensions;
		};
/* End PBXContainerItemProxy section */

/* Begin PBXFileReference section */
		311DA02723B687A90074265A /* CombineExtensionsTests.xctest */ = {isa = PBXFileReference; explicitFileType = wrapper.cfbundle; includeInIndex = 0; path = CombineExtensionsTests.xctest; sourceTree = BUILT_PRODUCTS_DIR; };
		311DA02923B687A90074265A /* CombineExtensionsTests.swift */ = {isa = PBXFileReference; lastKnownFileType = sourcecode.swift; path = CombineExtensionsTests.swift; sourceTree = "<group>"; };
		311DA02B23B687A90074265A /* Info.plist */ = {isa = PBXFileReference; lastKnownFileType = text.plist.xml; path = Info.plist; sourceTree = "<group>"; };
		311DA03223B68B990074265A /* UnwrapPublisher.swift */ = {isa = PBXFileReference; lastKnownFileType = sourcecode.swift; path = UnwrapPublisher.swift; sourceTree = "<group>"; };
		31383A9D2385BE4700EC9A95 /* CombineExtensions.framework */ = {isa = PBXFileReference; explicitFileType = wrapper.framework; includeInIndex = 0; path = CombineExtensions.framework; sourceTree = BUILT_PRODUCTS_DIR; };
		31383AA02385BE4700EC9A95 /* CombineExtensions.h */ = {isa = PBXFileReference; lastKnownFileType = sourcecode.c.h; path = CombineExtensions.h; sourceTree = "<group>"; };
		31383AA12385BE4700EC9A95 /* Info.plist */ = {isa = PBXFileReference; lastKnownFileType = text.plist.xml; path = Info.plist; sourceTree = "<group>"; };
		31383AA82385BE8300EC9A95 /* CombineExtensions.swift */ = {isa = PBXFileReference; fileEncoding = 4; lastKnownFileType = sourcecode.swift; path = CombineExtensions.swift; sourceTree = "<group>"; };
/* End PBXFileReference section */

/* Begin PBXFrameworksBuildPhase section */
		311DA02423B687A90074265A /* Frameworks */ = {
			isa = PBXFrameworksBuildPhase;
			buildActionMask = 2147483647;
			files = (
				311DA02C23B687A90074265A /* CombineExtensions.framework in Frameworks */,
			);
			runOnlyForDeploymentPostprocessing = 0;
		};
		31383A9A2385BE4700EC9A95 /* Frameworks */ = {
			isa = PBXFrameworksBuildPhase;
			buildActionMask = 2147483647;
			files = (
			);
			runOnlyForDeploymentPostprocessing = 0;
		};
/* End PBXFrameworksBuildPhase section */

/* Begin PBXGroup section */
		311DA02823B687A90074265A /* CombineExtensionsTests */ = {
			isa = PBXGroup;
			children = (
				311DA02923B687A90074265A /* CombineExtensionsTests.swift */,
				311DA02B23B687A90074265A /* Info.plist */,
			);
			path = CombineExtensionsTests;
			sourceTree = "<group>";
		};
		31383A932385BE4700EC9A95 = {
			isa = PBXGroup;
			children = (
				31383A9F2385BE4700EC9A95 /* CombineExtensions */,
				311DA02823B687A90074265A /* CombineExtensionsTests */,
				31383A9E2385BE4700EC9A95 /* Products */,
			);
			sourceTree = "<group>";
		};
		31383A9E2385BE4700EC9A95 /* Products */ = {
			isa = PBXGroup;
			children = (
				31383A9D2385BE4700EC9A95 /* CombineExtensions.framework */,
				311DA02723B687A90074265A /* CombineExtensionsTests.xctest */,
			);
			name = Products;
			sourceTree = "<group>";
		};
		31383A9F2385BE4700EC9A95 /* CombineExtensions */ = {
			isa = PBXGroup;
			children = (
				31383AA82385BE8300EC9A95 /* CombineExtensions.swift */,
				311DA03223B68B990074265A /* UnwrapPublisher.swift */,
				31383AA02385BE4700EC9A95 /* CombineExtensions.h */,
				31383AA12385BE4700EC9A95 /* Info.plist */,
			);
			path = CombineExtensions;
			sourceTree = "<group>";
		};
/* End PBXGroup section */

/* Begin PBXHeadersBuildPhase section */
		31383A982385BE4700EC9A95 /* Headers */ = {
			isa = PBXHeadersBuildPhase;
			buildActionMask = 2147483647;
			files = (
				31383AA22385BE4700EC9A95 /* CombineExtensions.h in Headers */,
			);
			runOnlyForDeploymentPostprocessing = 0;
		};
/* End PBXHeadersBuildPhase section */

/* Begin PBXNativeTarget section */
		311DA02623B687A90074265A /* CombineExtensionsTests */ = {
			isa = PBXNativeTarget;
			buildConfigurationList = 311DA03123B687A90074265A /* Build configuration list for PBXNativeTarget "CombineExtensionsTests" */;
			buildPhases = (
				311DA02323B687A90074265A /* Sources */,
				311DA02423B687A90074265A /* Frameworks */,
				311DA02523B687A90074265A /* Resources */,
			);
			buildRules = (
			);
			dependencies = (
				311DA02E23B687A90074265A /* PBXTargetDependency */,
			);
			name = CombineExtensionsTests;
			productName = CombineExtensionsTests;
			productReference = 311DA02723B687A90074265A /* CombineExtensionsTests.xctest */;
			productType = "com.apple.product-type.bundle.unit-test";
		};
		31383A9C2385BE4700EC9A95 /* CombineExtensions */ = {
			isa = PBXNativeTarget;
			buildConfigurationList = 31383AA52385BE4700EC9A95 /* Build configuration list for PBXNativeTarget "CombineExtensions" */;
			buildPhases = (
				31383A982385BE4700EC9A95 /* Headers */,
				31383A992385BE4700EC9A95 /* Sources */,
				31383A9A2385BE4700EC9A95 /* Frameworks */,
				31383A9B2385BE4700EC9A95 /* Resources */,
			);
			buildRules = (
			);
			dependencies = (
			);
			name = CombineExtensions;
			productName = CombineExtensions;
			productReference = 31383A9D2385BE4700EC9A95 /* CombineExtensions.framework */;
			productType = "com.apple.product-type.framework";
		};
/* End PBXNativeTarget section */

/* Begin PBXProject section */
		31383A942385BE4700EC9A95 /* Project object */ = {
			isa = PBXProject;
			attributes = {
				LastSwiftUpdateCheck = 1130;
				LastUpgradeCheck = 1120;
				ORGANIZATIONNAME = "Kevin-Cheng";
				TargetAttributes = {
					311DA02623B687A90074265A = {
						CreatedOnToolsVersion = 11.3;
					};
					31383A9C2385BE4700EC9A95 = {
						CreatedOnToolsVersion = 11.2.1;
						LastSwiftMigration = 1120;
					};
				};
			};
			buildConfigurationList = 31383A972385BE4700EC9A95 /* Build configuration list for PBXProject "CombineExtensions" */;
			compatibilityVersion = "Xcode 9.3";
			developmentRegion = en;
			hasScannedForEncodings = 0;
			knownRegions = (
				en,
				Base,
			);
			mainGroup = 31383A932385BE4700EC9A95;
			productRefGroup = 31383A9E2385BE4700EC9A95 /* Products */;
			projectDirPath = "";
			projectRoot = "";
			targets = (
				31383A9C2385BE4700EC9A95 /* CombineExtensions */,
				311DA02623B687A90074265A /* CombineExtensionsTests */,
			);
		};
/* End PBXProject section */

/* Begin PBXResourcesBuildPhase section */
		311DA02523B687A90074265A /* Resources */ = {
			isa = PBXResourcesBuildPhase;
			buildActionMask = 2147483647;
			files = (
			);
			runOnlyForDeploymentPostprocessing = 0;
		};
		31383A9B2385BE4700EC9A95 /* Resources */ = {
			isa = PBXResourcesBuildPhase;
			buildActionMask = 2147483647;
			files = (
			);
			runOnlyForDeploymentPostprocessing = 0;
		};
/* End PBXResourcesBuildPhase section */

/* Begin PBXSourcesBuildPhase section */
		311DA02323B687A90074265A /* Sources */ = {
			isa = PBXSourcesBuildPhase;
			buildActionMask = 2147483647;
			files = (
				311DA02A23B687A90074265A /* CombineExtensionsTests.swift in Sources */,
			);
			runOnlyForDeploymentPostprocessing = 0;
		};
		31383A992385BE4700EC9A95 /* Sources */ = {
			isa = PBXSourcesBuildPhase;
			buildActionMask = 2147483647;
			files = (
				31383AA92385BE8300EC9A95 /* CombineExtensions.swift in Sources */,
				311DA03323B68B990074265A /* UnwrapPublisher.swift in Sources */,
			);
			runOnlyForDeploymentPostprocessing = 0;
		};
/* End PBXSourcesBuildPhase section */

/* Begin PBXTargetDependency section */
		311DA02E23B687A90074265A /* PBXTargetDependency */ = {
			isa = PBXTargetDependency;
			target = 31383A9C2385BE4700EC9A95 /* CombineExtensions */;
			targetProxy = 311DA02D23B687A90074265A /* PBXContainerItemProxy */;
		};
/* End PBXTargetDependency section */

/* Begin XCBuildConfiguration section */
		311DA02F23B687A90074265A /* Debug */ = {
			isa = XCBuildConfiguration;
			buildSettings = {
				CODE_SIGN_STYLE = Automatic;
				DEVELOPMENT_TEAM = KXLAX969HP;
				INFOPLIST_FILE = CombineExtensionsTests/Info.plist;
				LD_RUNPATH_SEARCH_PATHS = (
					"$(inherited)",
					"@executable_path/Frameworks",
					"@loader_path/Frameworks",
				);
				PRODUCT_BUNDLE_IDENTIFIER = "com.kevin-cheng.CombineExtensionsTests";
				PRODUCT_NAME = "$(TARGET_NAME)";
				SWIFT_VERSION = 5.0;
				TARGETED_DEVICE_FAMILY = "1,2";
			};
			name = Debug;
		};
		311DA03023B687A90074265A /* Release */ = {
			isa = XCBuildConfiguration;
			buildSettings = {
				CODE_SIGN_STYLE = Automatic;
				DEVELOPMENT_TEAM = KXLAX969HP;
				INFOPLIST_FILE = CombineExtensionsTests/Info.plist;
				LD_RUNPATH_SEARCH_PATHS = (
					"$(inherited)",
					"@executable_path/Frameworks",
					"@loader_path/Frameworks",
				);
				PRODUCT_BUNDLE_IDENTIFIER = "com.kevin-cheng.CombineExtensionsTests";
				PRODUCT_NAME = "$(TARGET_NAME)";
				SWIFT_VERSION = 5.0;
				TARGETED_DEVICE_FAMILY = "1,2";
			};
			name = Release;
		};
		31383AA32385BE4700EC9A95 /* Debug */ = {
			isa = XCBuildConfiguration;
			buildSettings = {
				ALWAYS_SEARCH_USER_PATHS = NO;
				CLANG_ANALYZER_NONNULL = YES;
				CLANG_ANALYZER_NUMBER_OBJECT_CONVERSION = YES_AGGRESSIVE;
				CLANG_CXX_LANGUAGE_STANDARD = "gnu++14";
				CLANG_CXX_LIBRARY = "libc++";
				CLANG_ENABLE_MODULES = YES;
				CLANG_ENABLE_OBJC_ARC = YES;
				CLANG_ENABLE_OBJC_WEAK = YES;
				CLANG_WARN_BLOCK_CAPTURE_AUTORELEASING = YES;
				CLANG_WARN_BOOL_CONVERSION = YES;
				CLANG_WARN_COMMA = YES;
				CLANG_WARN_CONSTANT_CONVERSION = YES;
				CLANG_WARN_DEPRECATED_OBJC_IMPLEMENTATIONS = YES;
				CLANG_WARN_DIRECT_OBJC_ISA_USAGE = YES_ERROR;
				CLANG_WARN_DOCUMENTATION_COMMENTS = YES;
				CLANG_WARN_EMPTY_BODY = YES;
				CLANG_WARN_ENUM_CONVERSION = YES;
				CLANG_WARN_INFINITE_RECURSION = YES;
				CLANG_WARN_INT_CONVERSION = YES;
				CLANG_WARN_NON_LITERAL_NULL_CONVERSION = YES;
				CLANG_WARN_OBJC_IMPLICIT_RETAIN_SELF = YES;
				CLANG_WARN_OBJC_LITERAL_CONVERSION = YES;
				CLANG_WARN_OBJC_ROOT_CLASS = YES_ERROR;
				CLANG_WARN_RANGE_LOOP_ANALYSIS = YES;
				CLANG_WARN_STRICT_PROTOTYPES = YES;
				CLANG_WARN_SUSPICIOUS_MOVE = YES;
				CLANG_WARN_UNGUARDED_AVAILABILITY = YES_AGGRESSIVE;
				CLANG_WARN_UNREACHABLE_CODE = YES;
				CLANG_WARN__DUPLICATE_METHOD_MATCH = YES;
				COPY_PHASE_STRIP = NO;
				CURRENT_PROJECT_VERSION = 1;
				DEBUG_INFORMATION_FORMAT = dwarf;
				ENABLE_STRICT_OBJC_MSGSEND = YES;
				ENABLE_TESTABILITY = YES;
				GCC_C_LANGUAGE_STANDARD = gnu11;
				GCC_DYNAMIC_NO_PIC = NO;
				GCC_NO_COMMON_BLOCKS = YES;
				GCC_OPTIMIZATION_LEVEL = 0;
				GCC_PREPROCESSOR_DEFINITIONS = (
					"DEBUG=1",
					"$(inherited)",
				);
				GCC_WARN_64_TO_32_BIT_CONVERSION = YES;
				GCC_WARN_ABOUT_RETURN_TYPE = YES_ERROR;
				GCC_WARN_UNDECLARED_SELECTOR = YES;
				GCC_WARN_UNINITIALIZED_AUTOS = YES_AGGRESSIVE;
				GCC_WARN_UNUSED_FUNCTION = YES;
				GCC_WARN_UNUSED_VARIABLE = YES;
				IPHONEOS_DEPLOYMENT_TARGET = 13.2;
				MTL_ENABLE_DEBUG_INFO = INCLUDE_SOURCE;
				MTL_FAST_MATH = YES;
				ONLY_ACTIVE_ARCH = YES;
				SDKROOT = iphoneos;
				SWIFT_ACTIVE_COMPILATION_CONDITIONS = DEBUG;
				SWIFT_OPTIMIZATION_LEVEL = "-Onone";
				VERSIONING_SYSTEM = "apple-generic";
				VERSION_INFO_PREFIX = "";
			};
			name = Debug;
		};
		31383AA42385BE4700EC9A95 /* Release */ = {
			isa = XCBuildConfiguration;
			buildSettings = {
				ALWAYS_SEARCH_USER_PATHS = NO;
				CLANG_ANALYZER_NONNULL = YES;
				CLANG_ANALYZER_NUMBER_OBJECT_CONVERSION = YES_AGGRESSIVE;
				CLANG_CXX_LANGUAGE_STANDARD = "gnu++14";
				CLANG_CXX_LIBRARY = "libc++";
				CLANG_ENABLE_MODULES = YES;
				CLANG_ENABLE_OBJC_ARC = YES;
				CLANG_ENABLE_OBJC_WEAK = YES;
				CLANG_WARN_BLOCK_CAPTURE_AUTORELEASING = YES;
				CLANG_WARN_BOOL_CONVERSION = YES;
				CLANG_WARN_COMMA = YES;
				CLANG_WARN_CONSTANT_CONVERSION = YES;
				CLANG_WARN_DEPRECATED_OBJC_IMPLEMENTATIONS = YES;
				CLANG_WARN_DIRECT_OBJC_ISA_USAGE = YES_ERROR;
				CLANG_WARN_DOCUMENTATION_COMMENTS = YES;
				CLANG_WARN_EMPTY_BODY = YES;
				CLANG_WARN_ENUM_CONVERSION = YES;
				CLANG_WARN_INFINITE_RECURSION = YES;
				CLANG_WARN_INT_CONVERSION = YES;
				CLANG_WARN_NON_LITERAL_NULL_CONVERSION = YES;
				CLANG_WARN_OBJC_IMPLICIT_RETAIN_SELF = YES;
				CLANG_WARN_OBJC_LITERAL_CONVERSION = YES;
				CLANG_WARN_OBJC_ROOT_CLASS = YES_ERROR;
				CLANG_WARN_RANGE_LOOP_ANALYSIS = YES;
				CLANG_WARN_STRICT_PROTOTYPES = YES;
				CLANG_WARN_SUSPICIOUS_MOVE = YES;
				CLANG_WARN_UNGUARDED_AVAILABILITY = YES_AGGRESSIVE;
				CLANG_WARN_UNREACHABLE_CODE = YES;
				CLANG_WARN__DUPLICATE_METHOD_MATCH = YES;
				COPY_PHASE_STRIP = NO;
				CURRENT_PROJECT_VERSION = 1;
				DEBUG_INFORMATION_FORMAT = "dwarf-with-dsym";
				ENABLE_NS_ASSERTIONS = NO;
				ENABLE_STRICT_OBJC_MSGSEND = YES;
				GCC_C_LANGUAGE_STANDARD = gnu11;
				GCC_NO_COMMON_BLOCKS = YES;
				GCC_WARN_64_TO_32_BIT_CONVERSION = YES;
				GCC_WARN_ABOUT_RETURN_TYPE = YES_ERROR;
				GCC_WARN_UNDECLARED_SELECTOR = YES;
				GCC_WARN_UNINITIALIZED_AUTOS = YES_AGGRESSIVE;
				GCC_WARN_UNUSED_FUNCTION = YES;
				GCC_WARN_UNUSED_VARIABLE = YES;
				IPHONEOS_DEPLOYMENT_TARGET = 13.2;
				MTL_ENABLE_DEBUG_INFO = NO;
				MTL_FAST_MATH = YES;
				SDKROOT = iphoneos;
				SWIFT_COMPILATION_MODE = wholemodule;
				SWIFT_OPTIMIZATION_LEVEL = "-O";
				VALIDATE_PRODUCT = YES;
				VERSIONING_SYSTEM = "apple-generic";
				VERSION_INFO_PREFIX = "";
			};
			name = Release;
		};
		31383AA62385BE4700EC9A95 /* Debug */ = {
			isa = XCBuildConfiguration;
			buildSettings = {
				CLANG_ENABLE_MODULES = YES;
				CODE_SIGN_STYLE = Automatic;
				DEFINES_MODULE = YES;
				DEVELOPMENT_TEAM = KXLAX969HP;
				DYLIB_COMPATIBILITY_VERSION = 1;
				DYLIB_CURRENT_VERSION = 1;
				DYLIB_INSTALL_NAME_BASE = "@rpath";
				INFOPLIST_FILE = CombineExtensions/Info.plist;
				INSTALL_PATH = "$(LOCAL_LIBRARY_DIR)/Frameworks";
				IPHONEOS_DEPLOYMENT_TARGET = 13.0;
				LD_RUNPATH_SEARCH_PATHS = (
					"$(inherited)",
					"@executable_path/Frameworks",
					"@loader_path/Frameworks",
				);
				PRODUCT_BUNDLE_IDENTIFIER = "com.kevin-cheng.CombineExtensions";
				PRODUCT_NAME = "$(TARGET_NAME:c99extidentifier)";
				SKIP_INSTALL = YES;
				SWIFT_OPTIMIZATION_LEVEL = "-Onone";
				SWIFT_VERSION = 5.0;
				TARGETED_DEVICE_FAMILY = "1,2";
			};
			name = Debug;
		};
		31383AA72385BE4700EC9A95 /* Release */ = {
			isa = XCBuildConfiguration;
			buildSettings = {
				CLANG_ENABLE_MODULES = YES;
				CODE_SIGN_STYLE = Automatic;
				DEFINES_MODULE = YES;
				DEVELOPMENT_TEAM = KXLAX969HP;
				DYLIB_COMPATIBILITY_VERSION = 1;
				DYLIB_CURRENT_VERSION = 1;
				DYLIB_INSTALL_NAME_BASE = "@rpath";
				INFOPLIST_FILE = CombineExtensions/Info.plist;
				INSTALL_PATH = "$(LOCAL_LIBRARY_DIR)/Frameworks";
				IPHONEOS_DEPLOYMENT_TARGET = 13.0;
				LD_RUNPATH_SEARCH_PATHS = (
					"$(inherited)",
					"@executable_path/Frameworks",
					"@loader_path/Frameworks",
				);
				PRODUCT_BUNDLE_IDENTIFIER = "com.kevin-cheng.CombineExtensions";
				PRODUCT_NAME = "$(TARGET_NAME:c99extidentifier)";
				SKIP_INSTALL = YES;
				SWIFT_VERSION = 5.0;
				TARGETED_DEVICE_FAMILY = "1,2";
			};
			name = Release;
		};
/* End XCBuildConfiguration section */

/* Begin XCConfigurationList section */
		311DA03123B687A90074265A /* Build configuration list for PBXNativeTarget "CombineExtensionsTests" */ = {
			isa = XCConfigurationList;
			buildConfigurations = (
				311DA02F23B687A90074265A /* Debug */,
				311DA03023B687A90074265A /* Release */,
			);
			defaultConfigurationIsVisible = 0;
			defaultConfigurationName = Release;
		};
		31383A972385BE4700EC9A95 /* Build configuration list for PBXProject "CombineExtensions" */ = {
			isa = XCConfigurationList;
			buildConfigurations = (
				31383AA32385BE4700EC9A95 /* Debug */,
				31383AA42385BE4700EC9A95 /* Release */,
			);
			defaultConfigurationIsVisible = 0;
			defaultConfigurationName = Release;
		};
		31383AA52385BE4700EC9A95 /* Build configuration list for PBXNativeTarget "CombineExtensions" */ = {
			isa = XCConfigurationList;
			buildConfigurations = (
				31383AA62385BE4700EC9A95 /* Debug */,
				31383AA72385BE4700EC9A95 /* Release */,
			);
			defaultConfigurationIsVisible = 0;
			defaultConfigurationName = Release;
		};
/* End XCConfigurationList section */
	};
	rootObject = 31383A942385BE4700EC9A95 /* Project object */;
}
